// !$*UTF8*$!
{
	archiveVersion = 1;
	classes = {
	};
	objectVersion = 50;
	objects = {

/* Begin PBXBuildFile section */
		05644CC726CAB1DE00955B03 /* ContentView.swift in Sources */ = {isa = PBXBuildFile; fileRef = 05644CC626CAB1DE00955B03 /* ContentView.swift */; };
		05644CC926CAB1E200955B03 /* Assets.xcassets in Resources */ = {isa = PBXBuildFile; fileRef = 05644CC826CAB1E200955B03 /* Assets.xcassets */; };
		05644CCC26CAB1E200955B03 /* Preview Assets.xcassets in Resources */ = {isa = PBXBuildFile; fileRef = 05644CCB26CAB1E200955B03 /* Preview Assets.xcassets */; };
		05644CCF26CAB1E200955B03 /* LaunchScreen.storyboard in Resources */ = {isa = PBXBuildFile; fileRef = 05644CCD26CAB1E200955B03 /* LaunchScreen.storyboard */; };
		05644CD726CAB9E600955B03 /* WeatherInSwiftUIApp.swift in Sources */ = {isa = PBXBuildFile; fileRef = 05644CD626CAB9E600955B03 /* WeatherInSwiftUIApp.swift */; };
		05644CD926CAE2BD00955B03 /* WeatherButton.swift in Sources */ = {isa = PBXBuildFile; fileRef = 05644CD826CAE2BD00955B03 /* WeatherButton.swift */; };
/* End PBXBuildFile section */

/* Begin PBXFileReference section */
		05644CBF26CAB1DE00955B03 /* WeatherInSwiftUI.app */ = {isa = PBXFileReference; explicitFileType = wrapper.application; includeInIndex = 0; path = WeatherInSwiftUI.app; sourceTree = BUILT_PRODUCTS_DIR; };
		05644CC626CAB1DE00955B03 /* ContentView.swift */ = {isa = PBXFileReference; lastKnownFileType = sourcecode.swift; path = ContentView.swift; sourceTree = "<group>"; };
		05644CC826CAB1E200955B03 /* Assets.xcassets */ = {isa = PBXFileReference; lastKnownFileType = folder.assetcatalog; path = Assets.xcassets; sourceTree = "<group>"; };
		05644CCB26CAB1E200955B03 /* Preview Assets.xcassets */ = {isa = PBXFileReference; lastKnownFileType = folder.assetcatalog; path = "Preview Assets.xcassets"; sourceTree = "<group>"; };
		05644CCE26CAB1E200955B03 /* Base */ = {isa = PBXFileReference; lastKnownFileType = file.storyboard; name = Base; path = Base.lproj/LaunchScreen.storyboard; sourceTree = "<group>"; };
		05644CD026CAB1E200955B03 /* Info.plist */ = {isa = PBXFileReference; lastKnownFileType = text.plist.xml; path = Info.plist; sourceTree = "<group>"; };
		05644CD626CAB9E600955B03 /* WeatherInSwiftUIApp.swift */ = {isa = PBXFileReference; lastKnownFileType = sourcecode.swift; path = WeatherInSwiftUIApp.swift; sourceTree = "<group>"; };
		05644CD826CAE2BD00955B03 /* WeatherButton.swift */ = {isa = PBXFileReference; lastKnownFileType = sourcecode.swift; path = WeatherButton.swift; sourceTree = "<group>"; };
/* End PBXFileReference section */

/* Begin PBXFrameworksBuildPhase section */
		05644CBC26CAB1DE00955B03 /* Frameworks */ = {
			isa = PBXFrameworksBuildPhase;
			buildActionMask = 2147483647;
			files = (
			);
			runOnlyForDeploymentPostprocessing = 0;
		};
/* End PBXFrameworksBuildPhase section */

/* Begin PBXGroup section */
		05644CB626CAB1DE00955B03 = {
			isa = PBXGroup;
			children = (
				05644CC126CAB1DE00955B03 /* WeatherInSwiftUI */,
				05644CC026CAB1DE00955B03 /* Products */,
			);
			sourceTree = "<group>";
		};
		05644CC026CAB1DE00955B03 /* Products */ = {
			isa = PBXGroup;
			children = (
				05644CBF26CAB1DE00955B03 /* WeatherInSwiftUI.app */,
			);
			name = Products;
			sourceTree = "<group>";
		};
		05644CC126CAB1DE00955B03 /* WeatherInSwiftUI */ = {
			isa = PBXGroup;
			children = (
				05644CC626CAB1DE00955B03 /* ContentView.swift */,
				05644CC826CAB1E200955B03 /* Assets.xcassets */,
				05644CCD26CAB1E200955B03 /* LaunchScreen.storyboard */,
				05644CD026CAB1E200955B03 /* Info.plist */,
				05644CCA26CAB1E200955B03 /* Preview Content */,
				05644CD626CAB9E600955B03 /* WeatherInSwiftUIApp.swift */,
				05644CD826CAE2BD00955B03 /* WeatherButton.swift */,
			);
			path = WeatherInSwiftUI;
			sourceTree = "<group>";
		};
		05644CCA26CAB1E200955B03 /* Preview Content */ = {
			isa = PBXGroup;
			children = (
				05644CCB26CAB1E200955B03 /* Preview Assets.xcassets */,
			);
			path = "Preview Content";
			sourceTree = "<group>";
		};
/* End PBXGroup section */

/* Begin PBXNativeTarget section */
		05644CBE26CAB1DE00955B03 /* WeatherInSwiftUI */ = {
			isa = PBXNativeTarget;
			buildConfigurationList = 05644CD326CAB1E200955B03 /* Build configuration list for PBXNativeTarget "WeatherInSwiftUI" */;
			buildPhases = (
				05644CBB26CAB1DE00955B03 /* Sources */,
				05644CBC26CAB1DE00955B03 /* Frameworks */,
				05644CBD26CAB1DE00955B03 /* Resources */,
			);
			buildRules = (
			);
			dependencies = (
			);
			name = WeatherInSwiftUI;
			productName = WeatherInSwiftUI;
			productReference = 05644CBF26CAB1DE00955B03 /* WeatherInSwiftUI.app */;
			productType = "com.apple.product-type.application";
		};
/* End PBXNativeTarget section */

/* Begin PBXProject section */
		05644CB726CAB1DE00955B03 /* Project object */ = {
			isa = PBXProject;
			attributes = {
				LastSwiftUpdateCheck = 1250;
				LastUpgradeCheck = 1250;
				TargetAttributes = {
					05644CBE26CAB1DE00955B03 = {
						CreatedOnToolsVersion = 12.5.1;
					};
				};
			};
			buildConfigurationList = 05644CBA26CAB1DE00955B03 /* Build configuration list for PBXProject "WeatherInSwiftUI" */;
			compatibilityVersion = "Xcode 9.3";
			developmentRegion = en;
			hasScannedForEncodings = 0;
			knownRegions = (
				en,
				Base,
			);
			mainGroup = 05644CB626CAB1DE00955B03;
			productRefGroup = 05644CC026CAB1DE00955B03 /* Products */;
			projectDirPath = "";
			projectRoot = "";
			targets = (
				05644CBE26CAB1DE00955B03 /* WeatherInSwiftUI */,
			);
		};
/* End PBXProject section */

/* Begin PBXResourcesBuildPhase section */
		05644CBD26CAB1DE00955B03 /* Resources */ = {
			isa = PBXResourcesBuildPhase;
			buildActionMask = 2147483647;
			files = (
				05644CCF26CAB1E200955B03 /* LaunchScreen.storyboard in Resources */,
				05644CCC26CAB1E200955B03 /* Preview Assets.xcassets in Resources */,
				05644CC926CAB1E200955B03 /* Assets.xcassets in Resources */,
			);
			runOnlyForDeploymentPostprocessing = 0;
		};
/* End PBXResourcesBuildPhase section */

/* Begin PBXSourcesBuildPhase section */
		05644CBB26CAB1DE00955B03 /* Sources */ = {
			isa = PBXSourcesBuildPhase;
			buildActionMask = 2147483647;
			files = (
				05644CC726CAB1DE00955B03 /* ContentView.swift in Sources */,
				05644CD726CAB9E600955B03 /* WeatherInSwiftUIApp.swift in Sources */,
				05644CD926CAE2BD00955B03 /* WeatherButton.swift in Sources */,
			);
			runOnlyForDeploymentPostprocessing = 0;
		};
/* End PBXSourcesBuildPhase section */

/* Begin PBXVariantGroup section */
		05644CCD26CAB1E200955B03 /* LaunchScreen.storyboard */ = {
			isa = PBXVariantGroup;
			children = (
				05644CCE26CAB1E200955B03 /* Base */,
			);
			name = LaunchScreen.storyboard;
			sourceTree = "<group>";
		};
/* End PBXVariantGroup section */

/* Begin XCBuildConfiguration section */
		05644CD126CAB1E200955B03 /* Debug */ = {
			isa = XCBuildConfiguration;
			buildSettings = {
				ALWAYS_SEARCH_USER_PATHS = NO;
				CLANG_ANALYZER_NONNULL = YES;
				CLANG_ANALYZER_NUMBER_OBJECT_CONVERSION = YES_AGGRESSIVE;
				CLANG_CXX_LANGUAGE_STANDARD = "gnu++14";
				CLANG_CXX_LIBRARY = "libc++";
				CLANG_ENABLE_MODULES = YES;
				CLANG_ENABLE_OBJC_ARC = YES;
				CLANG_ENABLE_OBJC_WEAK = YES;
				CLANG_WARN_BLOCK_CAPTURE_AUTORELEASING = YES;
				CLANG_WARN_BOOL_CONVERSION = YES;
				CLANG_WARN_COMMA = YES;
				CLANG_WARN_CONSTANT_CONVERSION = YES;
				CLANG_WARN_DEPRECATED_OBJC_IMPLEMENTATIONS = YES;
				CLANG_WARN_DIRECT_OBJC_ISA_USAGE = YES_ERROR;
				CLANG_WARN_DOCUMENTATION_COMMENTS = YES;
				CLANG_WARN_EMPTY_BODY = YES;
				CLANG_WARN_ENUM_CONVERSION = YES;
				CLANG_WARN_INFINITE_RECURSION = YES;
				CLANG_WARN_INT_CONVERSION = YES;
				CLANG_WARN_NON_LITERAL_NULL_CONVERSION = YES;
				CLANG_WARN_OBJC_IMPLICIT_RETAIN_SELF = YES;
				CLANG_WARN_OBJC_LITERAL_CONVERSION = YES;
				CLANG_WARN_OBJC_ROOT_CLASS = YES_ERROR;
				CLANG_WARN_QUOTED_INCLUDE_IN_FRAMEWORK_HEADER = YES;
				CLANG_WARN_RANGE_LOOP_ANALYSIS = YES;
				CLANG_WARN_STRICT_PROTOTYPES = YES;
				CLANG_WARN_SUSPICIOUS_MOVE = YES;
				CLANG_WARN_UNGUARDED_AVAILABILITY = YES_AGGRESSIVE;
				CLANG_WARN_UNREACHABLE_CODE = YES;
				CLANG_WARN__DUPLICATE_METHOD_MATCH = YES;
				COPY_PHASE_STRIP = NO;
				DEBUG_INFORMATION_FORMAT = dwarf;
				ENABLE_STRICT_OBJC_MSGSEND = YES;
				ENABLE_TESTABILITY = YES;
				GCC_C_LANGUAGE_STANDARD = gnu11;
				GCC_DYNAMIC_NO_PIC = NO;
				GCC_NO_COMMON_BLOCKS = YES;
				GCC_OPTIMIZATION_LEVEL = 0;
				GCC_PREPROCESSOR_DEFINITIONS = (
					"DEBUG=1",
					"$(inherited)",
				);
				GCC_WARN_64_TO_32_BIT_CONVERSION = YES;
				GCC_WARN_ABOUT_RETURN_TYPE = YES_ERROR;
				GCC_WARN_UNDECLARED_SELECTOR = YES;
				GCC_WARN_UNINITIALIZED_AUTOS = YES_AGGRESSIVE;
				GCC_WARN_UNUSED_FUNCTION = YES;
				GCC_WARN_UNUSED_VARIABLE = YES;
				IPHONEOS_DEPLOYMENT_TARGET = 14.5;
				MTL_ENABLE_DEBUG_INFO = INCLUDE_SOURCE;
				MTL_FAST_MATH = YES;
				ONLY_ACTIVE_ARCH = YES;
				SDKROOT = iphoneos;
				SWIFT_ACTIVE_COMPILATION_CONDITIONS = DEBUG;
				SWIFT_OPTIMIZATION_LEVEL = "-Onone";
			};
			name = Debug;
		};
		05644CD226CAB1E200955B03 /* Release */ = {
			isa = XCBuildConfiguration;
			buildSettings = {
				ALWAYS_SEARCH_USER_PATHS = NO;
				CLANG_ANALYZER_NONNULL = YES;
				CLANG_ANALYZER_NUMBER_OBJECT_CONVERSION = YES_AGGRESSIVE;
				CLANG_CXX_LANGUAGE_STANDARD = "gnu++14";
				CLANG_CXX_LIBRARY = "libc++";
				CLANG_ENABLE_MODULES = YES;
				CLANG_ENABLE_OBJC_ARC = YES;
				CLANG_ENABLE_OBJC_WEAK = YES;
				CLANG_WARN_BLOCK_CAPTURE_AUTORELEASING = YES;
				CLANG_WARN_BOOL_CONVERSION = YES;
				CLANG_WARN_COMMA = YES;
				CLANG_WARN_CONSTANT_CONVERSION = YES;
				CLANG_WARN_DEPRECATED_OBJC_IMPLEMENTATIONS = YES;
				CLANG_WARN_DIRECT_OBJC_ISA_USAGE = YES_ERROR;
				CLANG_WARN_DOCUMENTATION_COMMENTS = YES;
				CLANG_WARN_EMPTY_BODY = YES;
				CLANG_WARN_ENUM_CONVERSION = YES;
				CLANG_WARN_INFINITE_RECURSION = YES;
				CLANG_WARN_INT_CONVERSION = YES;
				CLANG_WARN_NON_LITERAL_NULL_CONVERSION = YES;
				CLANG_WARN_OBJC_IMPLICIT_RETAIN_SELF = YES;
				CLANG_WARN_OBJC_LITERAL_CONVERSION = YES;
				CLANG_WARN_OBJC_ROOT_CLASS = YES_ERROR;
				CLANG_WARN_QUOTED_INCLUDE_IN_FRAMEWORK_HEADER = YES;
				CLANG_WARN_RANGE_LOOP_ANALYSIS = YES;
				CLANG_WARN_STRICT_PROTOTYPES = YES;
				CLANG_WARN_SUSPICIOUS_MOVE = YES;
				CLANG_WARN_UNGUARDED_AVAILABILITY = YES_AGGRESSIVE;
				CLANG_WARN_UNREACHABLE_CODE = YES;
				CLANG_WARN__DUPLICATE_METHOD_MATCH = YES;
				COPY_PHASE_STRIP = NO;
				DEBUG_INFORMATION_FORMAT = "dwarf-with-dsym";
				ENABLE_NS_ASSERTIONS = NO;
				ENABLE_STRICT_OBJC_MSGSEND = YES;
				GCC_C_LANGUAGE_STANDARD = gnu11;
				GCC_NO_COMMON_BLOCKS = YES;
				GCC_WARN_64_TO_32_BIT_CONVERSION = YES;
				GCC_WARN_ABOUT_RETURN_TYPE = YES_ERROR;
				GCC_WARN_UNDECLARED_SELECTOR = YES;
				GCC_WARN_UNINITIALIZED_AUTOS = YES_AGGRESSIVE;
				GCC_WARN_UNUSED_FUNCTION = YES;
				GCC_WARN_UNUSED_VARIABLE = YES;
				IPHONEOS_DEPLOYMENT_TARGET = 14.5;
				MTL_ENABLE_DEBUG_INFO = NO;
				MTL_FAST_MATH = YES;
				SDKROOT = iphoneos;
				SWIFT_COMPILATION_MODE = wholemodule;
				SWIFT_OPTIMIZATION_LEVEL = "-O";
				VALIDATE_PRODUCT = YES;
			};
			name = Release;
		};
		05644CD426CAB1E200955B03 /* Debug */ = {
			isa = XCBuildConfiguration;
			buildSettings = {
				ASSETCATALOG_COMPILER_APPICON_NAME = AppIcon;
				ASSETCATALOG_COMPILER_GLOBAL_ACCENT_COLOR_NAME = AccentColor;
				CODE_SIGN_STYLE = Automatic;
				DEVELOPMENT_ASSET_PATHS = "\"WeatherInSwiftUI/Preview Content\"";
				DEVELOPMENT_TEAM = 7A3R2B8SCD;
				ENABLE_PREVIEWS = YES;
				INFOPLIST_FILE = WeatherInSwiftUI/Info.plist;
				LD_RUNPATH_SEARCH_PATHS = (
					"$(inherited)",
					"@executable_path/Frameworks",
				);
				PRODUCT_BUNDLE_IDENTIFIER = com.MarcJacques.WeatherInSwiftUI;
				PRODUCT_NAME = "$(TARGET_NAME)";
				SWIFT_VERSION = 5.0;
				TARGETED_DEVICE_FAMILY = "1,2";
			};
			name = Debug;
		};
		05644CD526CAB1E200955B03 /* Release */ = {
			isa = XCBuildConfiguration;
			buildSettings = {
				ASSETCATALOG_COMPILER_APPICON_NAME = AppIcon;
				ASSETCATALOG_COMPILER_GLOBAL_ACCENT_COLOR_NAME = AccentColor;
				CODE_SIGN_STYLE = Automatic;
				DEVELOPMENT_ASSET_PATHS = "\"WeatherInSwiftUI/Preview Content\"";
				DEVELOPMENT_TEAM = 7A3R2B8SCD;
				ENABLE_PREVIEWS = YES;
				INFOPLIST_FILE = WeatherInSwiftUI/Info.plist;
				LD_RUNPATH_SEARCH_PATHS = (
					"$(inherited)",
					"@executable_path/Frameworks",
				);
				PRODUCT_BUNDLE_IDENTIFIER = com.MarcJacques.WeatherInSwiftUI;
				PRODUCT_NAME = "$(TARGET_NAME)";
				SWIFT_VERSION = 5.0;
				TARGETED_DEVICE_FAMILY = "1,2";
			};
			name = Release;
		};
/* End XCBuildConfiguration section */

/* Begin XCConfigurationList section */
		05644CBA26CAB1DE00955B03 /* Build configuration list for PBXProject "WeatherInSwiftUI" */ = {
			isa = XCConfigurationList;
			buildConfigurations = (
				05644CD126CAB1E200955B03 /* Debug */,
				05644CD226CAB1E200955B03 /* Release */,
			);
			defaultConfigurationIsVisible = 0;
			defaultConfigurationName = Release;
		};
		05644CD326CAB1E200955B03 /* Build configuration list for PBXNativeTarget "WeatherInSwiftUI" */ = {
			isa = XCConfigurationList;
			buildConfigurations = (
				05644CD426CAB1E200955B03 /* Debug */,
				05644CD526CAB1E200955B03 /* Release */,
			);
			defaultConfigurationIsVisible = 0;
			defaultConfigurationName = Release;
		};
/* End XCConfigurationList section */
	};
	rootObject = 05644CB726CAB1DE00955B03 /* Project object */;
}
